
Microsoft Visual Studio Solution File, Format Version 12.00
# Visual Studio Version 16
VisualStudioVersion = 16.0.33027.164
MinimumVisualStudioVersion = 10.0.40219.1
Project("{FAE04EC0-301F-11D3-BF4B-00C04F79EFBC}") = "11.21", "11.21.csproj", "{D79B9BF2-277E-4E0F-A6E4-6674E094F1E3}"
EndProject
Global
	GlobalSection(SolutionConfigurationPlatforms) = preSolution
		Debug|Any CPU = Debug|Any CPU
		Release|Any CPU = Release|Any CPU
	EndGlobalSection
	GlobalSection(ProjectConfigurationPlatforms) = postSolution
		{D79B9BF2-277E-4E0F-A6E4-6674E094F1E3}.Debug|Any CPU.ActiveCfg = Debug|Any CPU
		{D79B9BF2-277E-4E0F-A6E4-6674E094F1E3}.Debug|Any CPU.Build.0 = Debug|Any CPU
		{D79B9BF2-277E-4E0F-A6E4-6674E094F1E3}.Release|Any CPU.ActiveCfg = Release|Any CPU
		{D79B9BF2-277E-4E0F-A6E4-6674E094F1E3}.Release|Any CPU.Build.0 = Release|Any CPU
	EndGlobalSection
	GlobalSection(SolutionProperties) = preSolution
		HideSolutionNode = FALSE
	EndGlobalSection
	GlobalSection(ExtensibilityGlobals) = postSolution
		SolutionGuid = {D98643A2-B2D6-4FB1-8422-06AF47A1F9E0}
	EndGlobalSection
EndGlobal
